
Microsoft Visual Studio Solution File, Format Version 12.00
# Visual Studio Version 16
VisualStudioVersion = 16.0.31829.152
MinimumVisualStudioVersion = 10.0.40219.1
Project("{FAE04EC0-301F-11D3-BF4B-00C04F79EFBC}") = "PayCore-HW3", "PayCore-HW3\PayCore-HW3.csproj", "{F34E5560-B94C-4DFD-A07A-043F3453E1DC}"
EndProject
Global
	GlobalSection(SolutionConfigurationPlatforms) = preSolution
		Debug|Any CPU = Debug|Any CPU
		Release|Any CPU = Release|Any CPU
	EndGlobalSection
	GlobalSection(ProjectConfigurationPlatforms) = postSolution
		{F34E5560-B94C-4DFD-A07A-043F3453E1DC}.Debug|Any CPU.ActiveCfg = Debug|Any CPU
		{F34E5560-B94C-4DFD-A07A-043F3453E1DC}.Debug|Any CPU.Build.0 = Debug|Any CPU
		{F34E5560-B94C-4DFD-A07A-043F3453E1DC}.Release|Any CPU.ActiveCfg = Release|Any CPU
		{F34E5560-B94C-4DFD-A07A-043F3453E1DC}.Release|Any CPU.Build.0 = Release|Any CPU
	EndGlobalSection
	GlobalSection(SolutionProperties) = preSolution
		HideSolutionNode = FALSE
	EndGlobalSection
	GlobalSection(ExtensibilityGlobals) = postSolution
		SolutionGuid = {CEC72650-3662-4805-BA7C-E04D6225A337}
	EndGlobalSection
EndGlobal
